
Microsoft Visual Studio Solution File, Format Version 12.00
# Visual Studio Version 16
VisualStudioVersion = 16.0.31129.286
MinimumVisualStudioVersion = 10.0.40219.1
Project("{FAE04EC0-301F-11D3-BF4B-00C04F79EFBC}") = "LojaVirtual", "LojaVirtual.csproj", "{8A783A0C-0F08-4C41-AE87-582E61F98336}"
EndProject
Global
	GlobalSection(SolutionConfigurationPlatforms) = preSolution
		Debug|Any CPU = Debug|Any CPU
		Release|Any CPU = Release|Any CPU
	EndGlobalSection
	GlobalSection(ProjectConfigurationPlatforms) = postSolution
		{8A783A0C-0F08-4C41-AE87-582E61F98336}.Debug|Any CPU.ActiveCfg = Debug|Any CPU
		{8A783A0C-0F08-4C41-AE87-582E61F98336}.Debug|Any CPU.Build.0 = Debug|Any CPU
		{8A783A0C-0F08-4C41-AE87-582E61F98336}.Release|Any CPU.ActiveCfg = Release|Any CPU
		{8A783A0C-0F08-4C41-AE87-582E61F98336}.Release|Any CPU.Build.0 = Release|Any CPU
	EndGlobalSection
	GlobalSection(SolutionProperties) = preSolution
		HideSolutionNode = FALSE
	EndGlobalSection
	GlobalSection(ExtensibilityGlobals) = postSolution
		SolutionGuid = {473D380C-3AA9-460A-BD15-AC05E6600A2C}
	EndGlobalSection
EndGlobal
